
Microsoft Visual Studio Solution File, Format Version 12.00
# Visual Studio Version 16
VisualStudioVersion = 16.0.29613.14
MinimumVisualStudioVersion = 10.0.40219.1
Project("{9A19103F-16F7-4668-BE54-9A1E7A4F7556}") = "WineCellar.MVC", "WineCellar.MVC\WineCellar.MVC.csproj", "{0AEB6AA5-B537-45D8-9555-9A92C0F5929F}"
EndProject
Project("{9A19103F-16F7-4668-BE54-9A1E7A4F7556}") = "WineCellar.API", "WineCellar.API\WineCellar.API.csproj", "{CC28AE36-A454-42AF-97B4-2C23B041696F}"
EndProject
Project("{9A19103F-16F7-4668-BE54-9A1E7A4F7556}") = "WineCellar.API.Tests", "WineCellar.API.Tests\WineCellar.API.Tests.csproj", "{E7CB987C-5593-4BE3-BEAC-A6646283D3C5}"
EndProject
Project("{9A19103F-16F7-4668-BE54-9A1E7A4F7556}") = "WineCellar.Blazor.Client", "WineCellar.Blazor.Client\WineCellar.Blazor.Client.csproj", "{C4F61134-17EB-46D7-9D2E-A06D4E02C0F0}"
EndProject
Project("{FAE04EC0-301F-11D3-BF4B-00C04F79EFBC}") = "WineCellar.Blazor.Shared", "WineCellar.Blazor.Shared\WineCellar.Blazor.Shared.csproj", "{2C2885FA-2B63-4572-8D5C-53EBED47176C}"
EndProject
Global
	GlobalSection(SolutionConfigurationPlatforms) = preSolution
		Debug|Any CPU = Debug|Any CPU
		Release|Any CPU = Release|Any CPU
	EndGlobalSection
	GlobalSection(ProjectConfigurationPlatforms) = postSolution
		{0AEB6AA5-B537-45D8-9555-9A92C0F5929F}.Debug|Any CPU.ActiveCfg = Debug|Any CPU
		{0AEB6AA5-B537-45D8-9555-9A92C0F5929F}.Debug|Any CPU.Build.0 = Debug|Any CPU
		{0AEB6AA5-B537-45D8-9555-9A92C0F5929F}.Release|Any CPU.ActiveCfg = Release|Any CPU
		{0AEB6AA5-B537-45D8-9555-9A92C0F5929F}.Release|Any CPU.Build.0 = Release|Any CPU
		{CC28AE36-A454-42AF-97B4-2C23B041696F}.Debug|Any CPU.ActiveCfg = Debug|Any CPU
		{CC28AE36-A454-42AF-97B4-2C23B041696F}.Debug|Any CPU.Build.0 = Debug|Any CPU
		{CC28AE36-A454-42AF-97B4-2C23B041696F}.Release|Any CPU.ActiveCfg = Release|Any CPU
		{CC28AE36-A454-42AF-97B4-2C23B041696F}.Release|Any CPU.Build.0 = Release|Any CPU
		{E7CB987C-5593-4BE3-BEAC-A6646283D3C5}.Debug|Any CPU.ActiveCfg = Debug|Any CPU
		{E7CB987C-5593-4BE3-BEAC-A6646283D3C5}.Debug|Any CPU.Build.0 = Debug|Any CPU
		{E7CB987C-5593-4BE3-BEAC-A6646283D3C5}.Release|Any CPU.ActiveCfg = Release|Any CPU
		{E7CB987C-5593-4BE3-BEAC-A6646283D3C5}.Release|Any CPU.Build.0 = Release|Any CPU
		{C4F61134-17EB-46D7-9D2E-A06D4E02C0F0}.Debug|Any CPU.ActiveCfg = Debug|Any CPU
		{C4F61134-17EB-46D7-9D2E-A06D4E02C0F0}.Debug|Any CPU.Build.0 = Debug|Any CPU
		{C4F61134-17EB-46D7-9D2E-A06D4E02C0F0}.Release|Any CPU.ActiveCfg = Release|Any CPU
		{C4F61134-17EB-46D7-9D2E-A06D4E02C0F0}.Release|Any CPU.Build.0 = Release|Any CPU
		{2C2885FA-2B63-4572-8D5C-53EBED47176C}.Debug|Any CPU.ActiveCfg = Debug|Any CPU
		{2C2885FA-2B63-4572-8D5C-53EBED47176C}.Debug|Any CPU.Build.0 = Debug|Any CPU
		{2C2885FA-2B63-4572-8D5C-53EBED47176C}.Release|Any CPU.ActiveCfg = Release|Any CPU
		{2C2885FA-2B63-4572-8D5C-53EBED47176C}.Release|Any CPU.Build.0 = Release|Any CPU
	EndGlobalSection
	GlobalSection(SolutionProperties) = preSolution
		HideSolutionNode = FALSE
	EndGlobalSection
	GlobalSection(ExtensibilityGlobals) = postSolution
		SolutionGuid = {717A14C7-C105-48EB-B4EC-343A7F1DCC84}
	EndGlobalSection
EndGlobal
